# THIS IS AN AUTOGENERATED FILE. DO NOT EDIT THIS FILE DIRECTLY.
# yarn lockfile v1


iswin@0.0.2:
  version "0.0.2"
  resolved "http://registry.npm.taobao.org/iswin/download/iswin-0.0.2.tgz#fbf4cbfbf2e69f8c8fab4dec2e0c90f0482fc74a"

lodash@~3.10.1:
  version "3.10.1"
  resolved "http://registry.npm.taobao.org/lodash/download/lodash-3.10.1.tgz#5bf45e8e49ba4189e17d482789dfd15bd140b7b6"

node-tsc@^0.0.14:
  version "0.0.14"
  resolved "http://registry.npm.taobao.org/node-tsc/download/node-tsc-0.0.14.tgz#bc72778eb9b5be84a792a6e834588fcbbb4184d9"
  dependencies:
    iswin "0.0.2"
    lodash "~3.10.1"

typescript@^2.3.2:
  version "2.3.2"
  resolved "http://registry.npm.taobao.org/typescript/download/typescript-2.3.2.tgz#f0f045e196f69a72f06b25fd3bd39d01c3ce9984"
